
Microsoft Visual Studio Solution File, Format Version 12.00
# Visual Studio Version 16
VisualStudioVersion = 16.0.29728.190
MinimumVisualStudioVersion = 10.0.40219.1
Project("{9A19103F-16F7-4668-BE54-9A1E7A4F7556}") = "FormatTransformer", "FormatTransformer\FormatTransformer.csproj", "{A71A25A3-F158-4E62-AB0C-FE5979F31408}"
EndProject
Project("{9A19103F-16F7-4668-BE54-9A1E7A4F7556}") = "FormatTransformerLib", "FormatTransformerLib\FormatTransformerLib.csproj", "{9B966292-16AB-4FC8-8AEC-F0C5E7F32E50}"
EndProject
Project("{FAE04EC0-301F-11D3-BF4B-00C04F79EFBC}") = "ConsoleFormatTransformer", "ConsoleFormatTransformer\ConsoleFormatTransformer.csproj", "{019C470F-DC1D-486A-A431-7D3E512A4298}"
EndProject
Global
	GlobalSection(SolutionConfigurationPlatforms) = preSolution
		Debug|Any CPU = Debug|Any CPU
		Release|Any CPU = Release|Any CPU
	EndGlobalSection
	GlobalSection(ProjectConfigurationPlatforms) = postSolution
		{A71A25A3-F158-4E62-AB0C-FE5979F31408}.Debug|Any CPU.ActiveCfg = Debug|Any CPU
		{A71A25A3-F158-4E62-AB0C-FE5979F31408}.Debug|Any CPU.Build.0 = Debug|Any CPU
		{A71A25A3-F158-4E62-AB0C-FE5979F31408}.Release|Any CPU.ActiveCfg = Release|Any CPU
		{A71A25A3-F158-4E62-AB0C-FE5979F31408}.Release|Any CPU.Build.0 = Release|Any CPU
		{9B966292-16AB-4FC8-8AEC-F0C5E7F32E50}.Debug|Any CPU.ActiveCfg = Debug|Any CPU
		{9B966292-16AB-4FC8-8AEC-F0C5E7F32E50}.Debug|Any CPU.Build.0 = Debug|Any CPU
		{9B966292-16AB-4FC8-8AEC-F0C5E7F32E50}.Release|Any CPU.ActiveCfg = Release|Any CPU
		{9B966292-16AB-4FC8-8AEC-F0C5E7F32E50}.Release|Any CPU.Build.0 = Release|Any CPU
		{019C470F-DC1D-486A-A431-7D3E512A4298}.Debug|Any CPU.ActiveCfg = Debug|Any CPU
		{019C470F-DC1D-486A-A431-7D3E512A4298}.Debug|Any CPU.Build.0 = Debug|Any CPU
		{019C470F-DC1D-486A-A431-7D3E512A4298}.Release|Any CPU.ActiveCfg = Release|Any CPU
		{019C470F-DC1D-486A-A431-7D3E512A4298}.Release|Any CPU.Build.0 = Release|Any CPU
	EndGlobalSection
	GlobalSection(SolutionProperties) = preSolution
		HideSolutionNode = FALSE
	EndGlobalSection
	GlobalSection(ExtensibilityGlobals) = postSolution
		SolutionGuid = {CA1FB2FB-2247-454F-B228-85541E65B646}
	EndGlobalSection
EndGlobal
